// !$*UTF8*$!
{
	archiveVersion = 1;
	classes = {
	};
	objectVersion = 46;
	objects = {

/* Begin PBXBuildFile section */
		88C6BF7A173E33A7002E7B85 /* ReceipeDetailViewController.m in Sources */ = {isa = PBXBuildFile; fileRef = 88C6BF79173E33A7002E7B85 /* ReceipeDetailViewController.m */; };
		88C6BF7D173E443D002E7B85 /* AboutViewController.m in Sources */ = {isa = PBXBuildFile; fileRef = 88C6BF7C173E443D002E7B85 /* AboutViewController.m */; };
		88C6BF84173E4619002E7B85 /* about.html in Resources */ = {isa = PBXBuildFile; fileRef = 88C6BF82173E4619002E7B85 /* about.html */; };
		88C6BF85173E4619002E7B85 /* about.jpg in Resources */ = {isa = PBXBuildFile; fileRef = 88C6BF83173E4619002E7B85 /* about.jpg */; };
		88C83382173CF6E300D766DF /* UIKit.framework in Frameworks */ = {isa = PBXBuildFile; fileRef = 88C83381173CF6E300D766DF /* UIKit.framework */; };
		88C83384173CF6E300D766DF /* Foundation.framework in Frameworks */ = {isa = PBXBuildFile; fileRef = 88C83383173CF6E300D766DF /* Foundation.framework */; };
		88C83386173CF6E300D766DF /* CoreGraphics.framework in Frameworks */ = {isa = PBXBuildFile; fileRef = 88C83385173CF6E300D766DF /* CoreGraphics.framework */; };
		88C8338C173CF6E300D766DF /* InfoPlist.strings in Resources */ = {isa = PBXBuildFile; fileRef = 88C8338A173CF6E300D766DF /* InfoPlist.strings */; };
		88C8338E173CF6E300D766DF /* main.m in Sources */ = {isa = PBXBuildFile; fileRef = 88C8338D173CF6E300D766DF /* main.m */; };
		88C83392173CF6E300D766DF /* ReceipeBookAppDelegate.m in Sources */ = {isa = PBXBuildFile; fileRef = 88C83391173CF6E300D766DF /* ReceipeBookAppDelegate.m */; };
		88C83394173CF6E300D766DF /* Default.png in Resources */ = {isa = PBXBuildFile; fileRef = 88C83393173CF6E300D766DF /* Default.png */; };
		88C83396173CF6E300D766DF /* Default@2x.png in Resources */ = {isa = PBXBuildFile; fileRef = 88C83395173CF6E300D766DF /* Default@2x.png */; };
		88C83398173CF6E300D766DF /* Default-568h@2x.png in Resources */ = {isa = PBXBuildFile; fileRef = 88C83397173CF6E300D766DF /* Default-568h@2x.png */; };
		88C8339B173CF6E300D766DF /* MainStoryboard.storyboard in Resources */ = {isa = PBXBuildFile; fileRef = 88C83399173CF6E300D766DF /* MainStoryboard.storyboard */; };
		88C8339E173CF6E300D766DF /* ReceipeBookViewController.m in Sources */ = {isa = PBXBuildFile; fileRef = 88C8339D173CF6E300D766DF /* ReceipeBookViewController.m */; };
/* End PBXBuildFile section */

/* Begin PBXFileReference section */
		88C6BF78173E33A7002E7B85 /* ReceipeDetailViewController.h */ = {isa = PBXFileReference; fileEncoding = 4; lastKnownFileType = sourcecode.c.h; path = ReceipeDetailViewController.h; sourceTree = "<group>"; };
		88C6BF79173E33A7002E7B85 /* ReceipeDetailViewController.m */ = {isa = PBXFileReference; fileEncoding = 4; lastKnownFileType = sourcecode.c.objc; path = ReceipeDetailViewController.m; sourceTree = "<group>"; };
		88C6BF7B173E443D002E7B85 /* AboutViewController.h */ = {isa = PBXFileReference; fileEncoding = 4; lastKnownFileType = sourcecode.c.h; path = AboutViewController.h; sourceTree = "<group>"; };
		88C6BF7C173E443D002E7B85 /* AboutViewController.m */ = {isa = PBXFileReference; fileEncoding = 4; lastKnownFileType = sourcecode.c.objc; path = AboutViewController.m; sourceTree = "<group>"; };
		88C6BF82173E4619002E7B85 /* about.html */ = {isa = PBXFileReference; fileEncoding = 4; lastKnownFileType = text.html; path = about.html; sourceTree = "<group>"; };
		88C6BF83173E4619002E7B85 /* about.jpg */ = {isa = PBXFileReference; lastKnownFileType = image.jpeg; path = about.jpg; sourceTree = "<group>"; };
		88C8337E173CF6E300D766DF /* ReceipeBook.app */ = {isa = PBXFileReference; explicitFileType = wrapper.application; includeInIndex = 0; path = ReceipeBook.app; sourceTree = BUILT_PRODUCTS_DIR; };
		88C83381173CF6E300D766DF /* UIKit.framework */ = {isa = PBXFileReference; lastKnownFileType = wrapper.framework; name = UIKit.framework; path = System/Library/Frameworks/UIKit.framework; sourceTree = SDKROOT; };
		88C83383173CF6E300D766DF /* Foundation.framework */ = {isa = PBXFileReference; lastKnownFileType = wrapper.framework; name = Foundation.framework; path = System/Library/Frameworks/Foundation.framework; sourceTree = SDKROOT; };
		88C83385173CF6E300D766DF /* CoreGraphics.framework */ = {isa = PBXFileReference; lastKnownFileType = wrapper.framework; name = CoreGraphics.framework; path = System/Library/Frameworks/CoreGraphics.framework; sourceTree = SDKROOT; };
		88C83389173CF6E300D766DF /* ReceipeBook-Info.plist */ = {isa = PBXFileReference; lastKnownFileType = text.plist.xml; path = "ReceipeBook-Info.plist"; sourceTree = "<group>"; };
		88C8338B173CF6E300D766DF /* en */ = {isa = PBXFileReference; lastKnownFileType = text.plist.strings; name = en; path = en.lproj/InfoPlist.strings; sourceTree = "<group>"; };
		88C8338D173CF6E300D766DF /* main.m */ = {isa = PBXFileReference; lastKnownFileType = sourcecode.c.objc; path = main.m; sourceTree = "<group>"; };
		88C8338F173CF6E300D766DF /* ReceipeBook-Prefix.pch */ = {isa = PBXFileReference; lastKnownFileType = sourcecode.c.h; path = "ReceipeBook-Prefix.pch"; sourceTree = "<group>"; };
		88C83390173CF6E300D766DF /* ReceipeBookAppDelegate.h */ = {isa = PBXFileReference; lastKnownFileType = sourcecode.c.h; path = ReceipeBookAppDelegate.h; sourceTree = "<group>"; };
		88C83391173CF6E300D766DF /* ReceipeBookAppDelegate.m */ = {isa = PBXFileReference; lastKnownFileType = sourcecode.c.objc; path = ReceipeBookAppDelegate.m; sourceTree = "<group>"; };
		88C83393173CF6E300D766DF /* Default.png */ = {isa = PBXFileReference; lastKnownFileType = image.png; path = Default.png; sourceTree = "<group>"; };
		88C83395173CF6E300D766DF /* Default@2x.png */ = {isa = PBXFileReference; lastKnownFileType = image.png; path = "Default@2x.png"; sourceTree = "<group>"; };
		88C83397173CF6E300D766DF /* Default-568h@2x.png */ = {isa = PBXFileReference; lastKnownFileType = image.png; path = "Default-568h@2x.png"; sourceTree = "<group>"; };
		88C8339A173CF6E300D766DF /* en */ = {isa = PBXFileReference; lastKnownFileType = file.storyboard; name = en; path = en.lproj/MainStoryboard.storyboard; sourceTree = "<group>"; };
		88C8339C173CF6E300D766DF /* ReceipeBookViewController.h */ = {isa = PBXFileReference; lastKnownFileType = sourcecode.c.h; path = ReceipeBookViewController.h; sourceTree = "<group>"; };
		88C8339D173CF6E300D766DF /* ReceipeBookViewController.m */ = {isa = PBXFileReference; lastKnownFileType = sourcecode.c.objc; path = ReceipeBookViewController.m; sourceTree = "<group>"; };
/* End PBXFileReference section */

/* Begin PBXFrameworksBuildPhase section */
		88C8337B173CF6E300D766DF /* Frameworks */ = {
			isa = PBXFrameworksBuildPhase;
			buildActionMask = 2147483647;
			files = (
				88C83382173CF6E300D766DF /* UIKit.framework in Frameworks */,
				88C83384173CF6E300D766DF /* Foundation.framework in Frameworks */,
				88C83386173CF6E300D766DF /* CoreGraphics.framework in Frameworks */,
			);
			runOnlyForDeploymentPostprocessing = 0;
		};
/* End PBXFrameworksBuildPhase section */

/* Begin PBXGroup section */
		88C83375173CF6E300D766DF = {
			isa = PBXGroup;
			children = (
				88C83387173CF6E300D766DF /* ReceipeBook */,
				88C83380173CF6E300D766DF /* Frameworks */,
				88C8337F173CF6E300D766DF /* Products */,
			);
			sourceTree = "<group>";
		};
		88C8337F173CF6E300D766DF /* Products */ = {
			isa = PBXGroup;
			children = (
				88C8337E173CF6E300D766DF /* ReceipeBook.app */,
			);
			name = Products;
			sourceTree = "<group>";
		};
		88C83380173CF6E300D766DF /* Frameworks */ = {
			isa = PBXGroup;
			children = (
				88C83381173CF6E300D766DF /* UIKit.framework */,
				88C83383173CF6E300D766DF /* Foundation.framework */,
				88C83385173CF6E300D766DF /* CoreGraphics.framework */,
			);
			name = Frameworks;
			sourceTree = "<group>";
		};
		88C83387173CF6E300D766DF /* ReceipeBook */ = {
			isa = PBXGroup;
			children = (
				88C6BF7B173E443D002E7B85 /* AboutViewController.h */,
				88C6BF7C173E443D002E7B85 /* AboutViewController.m */,
				88C6BF78173E33A7002E7B85 /* ReceipeDetailViewController.h */,
				88C6BF79173E33A7002E7B85 /* ReceipeDetailViewController.m */,
				88C83390173CF6E300D766DF /* ReceipeBookAppDelegate.h */,
				88C83391173CF6E300D766DF /* ReceipeBookAppDelegate.m */,
				88C83399173CF6E300D766DF /* MainStoryboard.storyboard */,
				88C8339C173CF6E300D766DF /* ReceipeBookViewController.h */,
				88C8339D173CF6E300D766DF /* ReceipeBookViewController.m */,
				88C83388173CF6E300D766DF /* Supporting Files */,
			);
			path = ReceipeBook;
			sourceTree = "<group>";
		};
		88C83388173CF6E300D766DF /* Supporting Files */ = {
			isa = PBXGroup;
			children = (
				88C6BF82173E4619002E7B85 /* about.html */,
				88C6BF83173E4619002E7B85 /* about.jpg */,
				88C83389173CF6E300D766DF /* ReceipeBook-Info.plist */,
				88C8338A173CF6E300D766DF /* InfoPlist.strings */,
				88C8338D173CF6E300D766DF /* main.m */,
				88C8338F173CF6E300D766DF /* ReceipeBook-Prefix.pch */,
				88C83393173CF6E300D766DF /* Default.png */,
				88C83395173CF6E300D766DF /* Default@2x.png */,
				88C83397173CF6E300D766DF /* Default-568h@2x.png */,
			);
			name = "Supporting Files";
			sourceTree = "<group>";
		};
/* End PBXGroup section */

/* Begin PBXNativeTarget section */
		88C8337D173CF6E300D766DF /* ReceipeBook */ = {
			isa = PBXNativeTarget;
			buildConfigurationList = 88C833A1173CF6E300D766DF /* Build configuration list for PBXNativeTarget "ReceipeBook" */;
			buildPhases = (
				88C8337A173CF6E300D766DF /* Sources */,
				88C8337B173CF6E300D766DF /* Frameworks */,
				88C8337C173CF6E300D766DF /* Resources */,
			);
			buildRules = (
			);
			dependencies = (
			);
			name = ReceipeBook;
			productName = ReceipeBook;
			productReference = 88C8337E173CF6E300D766DF /* ReceipeBook.app */;
			productType = "com.apple.product-type.application";
		};
/* End PBXNativeTarget section */

/* Begin PBXProject section */
		88C83376173CF6E300D766DF /* Project object */ = {
			isa = PBXProject;
			attributes = {
				CLASSPREFIX = ReceipeBook;
				LastUpgradeCheck = 0460;
				ORGANIZATIONNAME = hydb;
			};
			buildConfigurationList = 88C83379173CF6E300D766DF /* Build configuration list for PBXProject "ReceipeBook" */;
			compatibilityVersion = "Xcode 3.2";
			developmentRegion = English;
			hasScannedForEncodings = 0;
			knownRegions = (
				en,
			);
			mainGroup = 88C83375173CF6E300D766DF;
			productRefGroup = 88C8337F173CF6E300D766DF /* Products */;
			projectDirPath = "";
			projectRoot = "";
			targets = (
				88C8337D173CF6E300D766DF /* ReceipeBook */,
			);
		};
/* End PBXProject section */

/* Begin PBXResourcesBuildPhase section */
		88C8337C173CF6E300D766DF /* Resources */ = {
			isa = PBXResourcesBuildPhase;
			buildActionMask = 2147483647;
			files = (
				88C8338C173CF6E300D766DF /* InfoPlist.strings in Resources */,
				88C83394173CF6E300D766DF /* Default.png in Resources */,
				88C83396173CF6E300D766DF /* Default@2x.png in Resources */,
				88C83398173CF6E300D766DF /* Default-568h@2x.png in Resources */,
				88C8339B173CF6E300D766DF /* MainStoryboard.storyboard in Resources */,
				88C6BF84173E4619002E7B85 /* about.html in Resources */,
				88C6BF85173E4619002E7B85 /* about.jpg in Resources */,
			);
			runOnlyForDeploymentPostprocessing = 0;
		};
/* End PBXResourcesBuildPhase section */

/* Begin PBXSourcesBuildPhase section */
		88C8337A173CF6E300D766DF /* Sources */ = {
			isa = PBXSourcesBuildPhase;
			buildActionMask = 2147483647;
			files = (
				88C8338E173CF6E300D766DF /* main.m in Sources */,
				88C83392173CF6E300D766DF /* ReceipeBookAppDelegate.m in Sources */,
				88C8339E173CF6E300D766DF /* ReceipeBookViewController.m in Sources */,
				88C6BF7A173E33A7002E7B85 /* ReceipeDetailViewController.m in Sources */,
				88C6BF7D173E443D002E7B85 /* AboutViewController.m in Sources */,
			);
			runOnlyForDeploymentPostprocessing = 0;
		};
/* End PBXSourcesBuildPhase section */

/* Begin PBXVariantGroup section */
		88C8338A173CF6E300D766DF /* InfoPlist.strings */ = {
			isa = PBXVariantGroup;
			children = (
				88C8338B173CF6E300D766DF /* en */,
			);
			name = InfoPlist.strings;
			sourceTree = "<group>";
		};
		88C83399173CF6E300D766DF /* MainStoryboard.storyboard */ = {
			isa = PBXVariantGroup;
			children = (
				88C8339A173CF6E300D766DF /* en */,
			);
			name = MainStoryboard.storyboard;
			sourceTree = "<group>";
		};
/* End PBXVariantGroup section */

/* Begin XCBuildConfiguration section */
		88C8339F173CF6E300D766DF /* Debug */ = {
			isa = XCBuildConfiguration;
			buildSettings = {
				ALWAYS_SEARCH_USER_PATHS = NO;
				CLANG_CXX_LANGUAGE_STANDARD = "gnu++0x";
				CLANG_CXX_LIBRARY = "libc++";
				CLANG_ENABLE_OBJC_ARC = YES;
				CLANG_WARN_CONSTANT_CONVERSION = YES;
				CLANG_WARN_EMPTY_BODY = YES;
				CLANG_WARN_ENUM_CONVERSION = YES;
				CLANG_WARN_INT_CONVERSION = YES;
				CLANG_WARN__DUPLICATE_METHOD_MATCH = YES;
				"CODE_SIGN_IDENTITY[sdk=iphoneos*]" = "iPhone Developer";
				COPY_PHASE_STRIP = NO;
				GCC_C_LANGUAGE_STANDARD = gnu99;
				GCC_DYNAMIC_NO_PIC = NO;
				GCC_OPTIMIZATION_LEVEL = 0;
				GCC_PREPROCESSOR_DEFINITIONS = (
					"DEBUG=1",
					"$(inherited)",
				);
				GCC_SYMBOLS_PRIVATE_EXTERN = NO;
				GCC_WARN_ABOUT_RETURN_TYPE = YES;
				GCC_WARN_UNINITIALIZED_AUTOS = YES;
				GCC_WARN_UNUSED_VARIABLE = YES;
				IPHONEOS_DEPLOYMENT_TARGET = 6.1;
				ONLY_ACTIVE_ARCH = YES;
				SDKROOT = iphoneos;
			};
			name = Debug;
		};
		88C833A0173CF6E300D766DF /* Release */ = {
			isa = XCBuildConfiguration;
			buildSettings = {
				ALWAYS_SEARCH_USER_PATHS = NO;
				CLANG_CXX_LANGUAGE_STANDARD = "gnu++0x";
				CLANG_CXX_LIBRARY = "libc++";
				CLANG_ENABLE_OBJC_ARC = YES;
				CLANG_WARN_CONSTANT_CONVERSION = YES;
				CLANG_WARN_EMPTY_BODY = YES;
				CLANG_WARN_ENUM_CONVERSION = YES;
				CLANG_WARN_INT_CONVERSION = YES;
				CLANG_WARN__DUPLICATE_METHOD_MATCH = YES;
				"CODE_SIGN_IDENTITY[sdk=iphoneos*]" = "iPhone Developer";
				COPY_PHASE_STRIP = YES;
				GCC_C_LANGUAGE_STANDARD = gnu99;
				GCC_WARN_ABOUT_RETURN_TYPE = YES;
				GCC_WARN_UNINITIALIZED_AUTOS = YES;
				GCC_WARN_UNUSED_VARIABLE = YES;
				IPHONEOS_DEPLOYMENT_TARGET = 6.1;
				OTHER_CFLAGS = "-DNS_BLOCK_ASSERTIONS=1";
				SDKROOT = iphoneos;
				VALIDATE_PRODUCT = YES;
			};
			name = Release;
		};
		88C833A2173CF6E300D766DF /* Debug */ = {
			isa = XCBuildConfiguration;
			buildSettings = {
				GCC_PRECOMPILE_PREFIX_HEADER = YES;
				GCC_PREFIX_HEADER = "ReceipeBook/ReceipeBook-Prefix.pch";
				INFOPLIST_FILE = "ReceipeBook/ReceipeBook-Info.plist";
				PRODUCT_NAME = "$(TARGET_NAME)";
				WRAPPER_EXTENSION = app;
			};
			name = Debug;
		};
		88C833A3173CF6E300D766DF /* Release */ = {
			isa = XCBuildConfiguration;
			buildSettings = {
				GCC_PRECOMPILE_PREFIX_HEADER = YES;
				GCC_PREFIX_HEADER = "ReceipeBook/ReceipeBook-Prefix.pch";
				INFOPLIST_FILE = "ReceipeBook/ReceipeBook-Info.plist";
				PRODUCT_NAME = "$(TARGET_NAME)";
				WRAPPER_EXTENSION = app;
			};
			name = Release;
		};
/* End XCBuildConfiguration section */

/* Begin XCConfigurationList section */
		88C83379173CF6E300D766DF /* Build configuration list for PBXProject "ReceipeBook" */ = {
			isa = XCConfigurationList;
			buildConfigurations = (
				88C8339F173CF6E300D766DF /* Debug */,
				88C833A0173CF6E300D766DF /* Release */,
			);
			defaultConfigurationIsVisible = 0;
			defaultConfigurationName = Release;
		};
		88C833A1173CF6E300D766DF /* Build configuration list for PBXNativeTarget "ReceipeBook" */ = {
			isa = XCConfigurationList;
			buildConfigurations = (
				88C833A2173CF6E300D766DF /* Debug */,
				88C833A3173CF6E300D766DF /* Release */,
			);
			defaultConfigurationIsVisible = 0;
			defaultConfigurationName = Release;
		};
/* End XCConfigurationList section */
	};
	rootObject = 88C83376173CF6E300D766DF /* Project object */;
}
